
Microsoft Visual Studio Solution File, Format Version 12.00
# Visual Studio Version 16
VisualStudioVersion = 16.0.28803.202
MinimumVisualStudioVersion = 10.0.40219.1
Project("{8BC9CEB8-8B4A-11D0-8D11-00A0C91BC942}") = "final project", "final project\final project.vcxproj", "{260FACD9-D321-409D-9DDF-6D1DC4AC5622}"
EndProject
Global
	GlobalSection(SolutionConfigurationPlatforms) = preSolution
		Debug|x64 = Debug|x64
		Debug|x86 = Debug|x86
		Release|x64 = Release|x64
		Release|x86 = Release|x86
	EndGlobalSection
	GlobalSection(ProjectConfigurationPlatforms) = postSolution
		{260FACD9-D321-409D-9DDF-6D1DC4AC5622}.Debug|x64.ActiveCfg = Debug|x64
		{260FACD9-D321-409D-9DDF-6D1DC4AC5622}.Debug|x64.Build.0 = Debug|x64
		{260FACD9-D321-409D-9DDF-6D1DC4AC5622}.Debug|x86.ActiveCfg = Debug|Win32
		{260FACD9-D321-409D-9DDF-6D1DC4AC5622}.Debug|x86.Build.0 = Debug|Win32
		{260FACD9-D321-409D-9DDF-6D1DC4AC5622}.Release|x64.ActiveCfg = Release|x64
		{260FACD9-D321-409D-9DDF-6D1DC4AC5622}.Release|x64.Build.0 = Release|x64
		{260FACD9-D321-409D-9DDF-6D1DC4AC5622}.Release|x86.ActiveCfg = Release|Win32
		{260FACD9-D321-409D-9DDF-6D1DC4AC5622}.Release|x86.Build.0 = Release|Win32
	EndGlobalSection
	GlobalSection(SolutionProperties) = preSolution
		HideSolutionNode = FALSE
	EndGlobalSection
	GlobalSection(ExtensibilityGlobals) = postSolution
		SolutionGuid = {D86A076B-4411-4D67-97AA-E30C29FF45FA}
	EndGlobalSection
EndGlobal
